
Microsoft Visual Studio Solution File, Format Version 11.00
# Visual Studio 2010
Project("{FAE04EC0-301F-11D3-BF4B-00C04F79EFBC}") = "Domain", "Domain\Domain.csproj", "{46FACC8A-0340-40AA-A287-536532AF3C9F}"
EndProject
Project("{FAE04EC0-301F-11D3-BF4B-00C04F79EFBC}") = "UserInterface", "UserInterface\UserInterface.csproj", "{B881840D-8BCF-41AB-8973-8CA3FD2D1FB3}"
EndProject
Global
	GlobalSection(SolutionConfigurationPlatforms) = preSolution
		Debug|Any CPU = Debug|Any CPU
		Release|Any CPU = Release|Any CPU
	EndGlobalSection
	GlobalSection(ProjectConfigurationPlatforms) = postSolution
		{46FACC8A-0340-40AA-A287-536532AF3C9F}.Debug|Any CPU.ActiveCfg = Debug|Any CPU
		{46FACC8A-0340-40AA-A287-536532AF3C9F}.Debug|Any CPU.Build.0 = Debug|Any CPU
		{46FACC8A-0340-40AA-A287-536532AF3C9F}.Release|Any CPU.ActiveCfg = Release|Any CPU
		{46FACC8A-0340-40AA-A287-536532AF3C9F}.Release|Any CPU.Build.0 = Release|Any CPU
		{B881840D-8BCF-41AB-8973-8CA3FD2D1FB3}.Debug|Any CPU.ActiveCfg = Debug|Any CPU
		{B881840D-8BCF-41AB-8973-8CA3FD2D1FB3}.Debug|Any CPU.Build.0 = Debug|Any CPU
		{B881840D-8BCF-41AB-8973-8CA3FD2D1FB3}.Release|Any CPU.ActiveCfg = Release|Any CPU
		{B881840D-8BCF-41AB-8973-8CA3FD2D1FB3}.Release|Any CPU.Build.0 = Release|Any CPU
	EndGlobalSection
	GlobalSection(SolutionProperties) = preSolution
		HideSolutionNode = FALSE
	EndGlobalSection
EndGlobal
